// !$*UTF8*$!
{
	archiveVersion = 1;
	classes = {
	};
	objectVersion = 46;
	objects = {

/* Begin PBXBuildFile section */
		777CEBAB159D44EC0049F109 /* UIKit.framework in Frameworks */ = {isa = PBXBuildFile; fileRef = 777CEBAA159D44EC0049F109 /* UIKit.framework */; };
		777CEBAD159D44EC0049F109 /* Foundation.framework in Frameworks */ = {isa = PBXBuildFile; fileRef = 777CEBAC159D44EC0049F109 /* Foundation.framework */; };
		777CEBAF159D44EC0049F109 /* CoreGraphics.framework in Frameworks */ = {isa = PBXBuildFile; fileRef = 777CEBAE159D44EC0049F109 /* CoreGraphics.framework */; };
		777CEBB5159D44EC0049F109 /* InfoPlist.strings in Resources */ = {isa = PBXBuildFile; fileRef = 777CEBB3159D44EC0049F109 /* InfoPlist.strings */; };
		777CEBB7159D44EC0049F109 /* main.m in Sources */ = {isa = PBXBuildFile; fileRef = 777CEBB6159D44EC0049F109 /* main.m */; };
		777CEBBB159D44EC0049F109 /* AppDelegate.m in Sources */ = {isa = PBXBuildFile; fileRef = 777CEBBA159D44EC0049F109 /* AppDelegate.m */; };
		777CEBBE159D44EC0049F109 /* MainViewController.m in Sources */ = {isa = PBXBuildFile; fileRef = 777CEBBD159D44EC0049F109 /* MainViewController.m */; };
		777CEBC1159D44EC0049F109 /* FlipsideViewController.m in Sources */ = {isa = PBXBuildFile; fileRef = 777CEBC0159D44EC0049F109 /* FlipsideViewController.m */; };
		777CEBC4159D44EC0049F109 /* MainViewController.xib in Resources */ = {isa = PBXBuildFile; fileRef = 777CEBC2159D44EC0049F109 /* MainViewController.xib */; };
		777CEBC7159D44EC0049F109 /* FlipsideViewController.xib in Resources */ = {isa = PBXBuildFile; fileRef = 777CEBC5159D44EC0049F109 /* FlipsideViewController.xib */; };
		777CEBCE159D4DEB0049F109 /* MapKit.framework in Frameworks */ = {isa = PBXBuildFile; fileRef = 777CEBCD159D4DEB0049F109 /* MapKit.framework */; };
		7799FC3A17403FF900B1FAD9 /* NoteDetailViewController.xib in Resources */ = {isa = PBXBuildFile; fileRef = 7799FC3917403FF900B1FAD9 /* NoteDetailViewController.xib */; };
		7799FC40174042EF00B1FAD9 /* NoteDetailViewController.m in Sources */ = {isa = PBXBuildFile; fileRef = 7799FC3F174042EF00B1FAD9 /* NoteDetailViewController.m */; };
		77A402EE173EF1E600296A05 /* MapNoteAnnotation.m in Sources */ = {isa = PBXBuildFile; fileRef = 77A402ED173EF1E600296A05 /* MapNoteAnnotation.m */; };
		77EA7114175167E700FE8A80 /* test-button.png in Resources */ = {isa = PBXBuildFile; fileRef = 77EA7113175167E700FE8A80 /* test-button.png */; };
/* End PBXBuildFile section */

/* Begin PBXFileReference section */
		777CEBA6159D44EC0049F109 /* MapNotes.app */ = {isa = PBXFileReference; explicitFileType = wrapper.application; includeInIndex = 0; path = MapNotes.app; sourceTree = BUILT_PRODUCTS_DIR; };
		777CEBAA159D44EC0049F109 /* UIKit.framework */ = {isa = PBXFileReference; lastKnownFileType = wrapper.framework; name = UIKit.framework; path = System/Library/Frameworks/UIKit.framework; sourceTree = SDKROOT; };
		777CEBAC159D44EC0049F109 /* Foundation.framework */ = {isa = PBXFileReference; lastKnownFileType = wrapper.framework; name = Foundation.framework; path = System/Library/Frameworks/Foundation.framework; sourceTree = SDKROOT; };
		777CEBAE159D44EC0049F109 /* CoreGraphics.framework */ = {isa = PBXFileReference; lastKnownFileType = wrapper.framework; name = CoreGraphics.framework; path = System/Library/Frameworks/CoreGraphics.framework; sourceTree = SDKROOT; };
		777CEBB2159D44EC0049F109 /* MapNotes-Info.plist */ = {isa = PBXFileReference; lastKnownFileType = text.plist.xml; path = "MapNotes-Info.plist"; sourceTree = "<group>"; };
		777CEBB4159D44EC0049F109 /* en */ = {isa = PBXFileReference; lastKnownFileType = text.plist.strings; name = en; path = en.lproj/InfoPlist.strings; sourceTree = "<group>"; };
		777CEBB6159D44EC0049F109 /* main.m */ = {isa = PBXFileReference; lastKnownFileType = sourcecode.c.objc; path = main.m; sourceTree = "<group>"; };
		777CEBB8159D44EC0049F109 /* MapNotes-Prefix.pch */ = {isa = PBXFileReference; lastKnownFileType = sourcecode.c.h; path = "MapNotes-Prefix.pch"; sourceTree = "<group>"; };
		777CEBB9159D44EC0049F109 /* AppDelegate.h */ = {isa = PBXFileReference; lastKnownFileType = sourcecode.c.h; path = AppDelegate.h; sourceTree = "<group>"; };
		777CEBBA159D44EC0049F109 /* AppDelegate.m */ = {isa = PBXFileReference; lastKnownFileType = sourcecode.c.objc; path = AppDelegate.m; sourceTree = "<group>"; };
		777CEBBC159D44EC0049F109 /* MainViewController.h */ = {isa = PBXFileReference; lastKnownFileType = sourcecode.c.h; path = MainViewController.h; sourceTree = "<group>"; };
		777CEBBD159D44EC0049F109 /* MainViewController.m */ = {isa = PBXFileReference; lastKnownFileType = sourcecode.c.objc; path = MainViewController.m; sourceTree = "<group>"; };
		777CEBBF159D44EC0049F109 /* FlipsideViewController.h */ = {isa = PBXFileReference; lastKnownFileType = sourcecode.c.h; path = FlipsideViewController.h; sourceTree = "<group>"; };
		777CEBC0159D44EC0049F109 /* FlipsideViewController.m */ = {isa = PBXFileReference; lastKnownFileType = sourcecode.c.objc; path = FlipsideViewController.m; sourceTree = "<group>"; };
		777CEBC3159D44EC0049F109 /* en */ = {isa = PBXFileReference; lastKnownFileType = file.xib; name = en; path = en.lproj/MainViewController.xib; sourceTree = "<group>"; };
		777CEBC6159D44EC0049F109 /* en */ = {isa = PBXFileReference; lastKnownFileType = file.xib; name = en; path = en.lproj/FlipsideViewController.xib; sourceTree = "<group>"; };
		777CEBCD159D4DEB0049F109 /* MapKit.framework */ = {isa = PBXFileReference; lastKnownFileType = wrapper.framework; name = MapKit.framework; path = System/Library/Frameworks/MapKit.framework; sourceTree = SDKROOT; };
		7799FC3917403FF900B1FAD9 /* NoteDetailViewController.xib */ = {isa = PBXFileReference; fileEncoding = 4; lastKnownFileType = file.xib; path = NoteDetailViewController.xib; sourceTree = "<group>"; };
		7799FC3E174042EF00B1FAD9 /* NoteDetailViewController.h */ = {isa = PBXFileReference; fileEncoding = 4; lastKnownFileType = sourcecode.c.h; path = NoteDetailViewController.h; sourceTree = "<group>"; };
		7799FC3F174042EF00B1FAD9 /* NoteDetailViewController.m */ = {isa = PBXFileReference; fileEncoding = 4; lastKnownFileType = sourcecode.c.objc; path = NoteDetailViewController.m; sourceTree = "<group>"; };
		77A402EC173EF1E600296A05 /* MapNoteAnnotation.h */ = {isa = PBXFileReference; fileEncoding = 4; lastKnownFileType = sourcecode.c.h; path = MapNoteAnnotation.h; sourceTree = "<group>"; };
		77A402ED173EF1E600296A05 /* MapNoteAnnotation.m */ = {isa = PBXFileReference; fileEncoding = 4; lastKnownFileType = sourcecode.c.objc; path = MapNoteAnnotation.m; sourceTree = "<group>"; };
		77EA7113175167E700FE8A80 /* test-button.png */ = {isa = PBXFileReference; lastKnownFileType = image.png; path = "test-button.png"; sourceTree = "<group>"; };
/* End PBXFileReference section */

/* Begin PBXFrameworksBuildPhase section */
		777CEBA3159D44EC0049F109 /* Frameworks */ = {
			isa = PBXFrameworksBuildPhase;
			buildActionMask = 2147483647;
			files = (
				777CEBAB159D44EC0049F109 /* UIKit.framework in Frameworks */,
				777CEBAD159D44EC0049F109 /* Foundation.framework in Frameworks */,
				777CEBAF159D44EC0049F109 /* CoreGraphics.framework in Frameworks */,
				777CEBCE159D4DEB0049F109 /* MapKit.framework in Frameworks */,
			);
			runOnlyForDeploymentPostprocessing = 0;
		};
/* End PBXFrameworksBuildPhase section */

/* Begin PBXGroup section */
		777CEB9B159D44EC0049F109 = {
			isa = PBXGroup;
			children = (
				777CEBB0159D44EC0049F109 /* MapNotes */,
				777CEBA9159D44EC0049F109 /* Frameworks */,
				777CEBA7159D44EC0049F109 /* Products */,
			);
			sourceTree = "<group>";
		};
		777CEBA7159D44EC0049F109 /* Products */ = {
			isa = PBXGroup;
			children = (
				777CEBA6159D44EC0049F109 /* MapNotes.app */,
			);
			name = Products;
			sourceTree = "<group>";
		};
		777CEBA9159D44EC0049F109 /* Frameworks */ = {
			isa = PBXGroup;
			children = (
				777CEBCD159D4DEB0049F109 /* MapKit.framework */,
				777CEBAA159D44EC0049F109 /* UIKit.framework */,
				777CEBAC159D44EC0049F109 /* Foundation.framework */,
				777CEBAE159D44EC0049F109 /* CoreGraphics.framework */,
			);
			name = Frameworks;
			sourceTree = "<group>";
		};
		777CEBB0159D44EC0049F109 /* MapNotes */ = {
			isa = PBXGroup;
			children = (
				77EA7113175167E700FE8A80 /* test-button.png */,
				777CEBB9159D44EC0049F109 /* AppDelegate.h */,
				777CEBBA159D44EC0049F109 /* AppDelegate.m */,
				7799FC3D174042AF00B1FAD9 /* Models */,
				7799FC3C1740429B00B1FAD9 /* Views */,
				7799FC3B1740426B00B1FAD9 /* Controllers */,
				777CEBB1159D44EC0049F109 /* Supporting Files */,
			);
			path = MapNotes;
			sourceTree = "<group>";
		};
		777CEBB1159D44EC0049F109 /* Supporting Files */ = {
			isa = PBXGroup;
			children = (
				777CEBB2159D44EC0049F109 /* MapNotes-Info.plist */,
				777CEBB3159D44EC0049F109 /* InfoPlist.strings */,
				777CEBB6159D44EC0049F109 /* main.m */,
				777CEBB8159D44EC0049F109 /* MapNotes-Prefix.pch */,
			);
			name = "Supporting Files";
			sourceTree = "<group>";
		};
		7799FC3B1740426B00B1FAD9 /* Controllers */ = {
			isa = PBXGroup;
			children = (
				777CEBBF159D44EC0049F109 /* FlipsideViewController.h */,
				777CEBC0159D44EC0049F109 /* FlipsideViewController.m */,
				777CEBBC159D44EC0049F109 /* MainViewController.h */,
				777CEBBD159D44EC0049F109 /* MainViewController.m */,
				7799FC3E174042EF00B1FAD9 /* NoteDetailViewController.h */,
				7799FC3F174042EF00B1FAD9 /* NoteDetailViewController.m */,
			);
			name = Controllers;
			sourceTree = "<group>";
		};
		7799FC3C1740429B00B1FAD9 /* Views */ = {
			isa = PBXGroup;
			children = (
				777CEBC2159D44EC0049F109 /* MainViewController.xib */,
				7799FC3917403FF900B1FAD9 /* NoteDetailViewController.xib */,
				777CEBC5159D44EC0049F109 /* FlipsideViewController.xib */,
			);
			name = Views;
			sourceTree = "<group>";
		};
		7799FC3D174042AF00B1FAD9 /* Models */ = {
			isa = PBXGroup;
			children = (
				77A402EC173EF1E600296A05 /* MapNoteAnnotation.h */,
				77A402ED173EF1E600296A05 /* MapNoteAnnotation.m */,
			);
			name = Models;
			sourceTree = "<group>";
		};
/* End PBXGroup section */

/* Begin PBXNativeTarget section */
		777CEBA5159D44EC0049F109 /* MapNotes */ = {
			isa = PBXNativeTarget;
			buildConfigurationList = 777CEBCA159D44EC0049F109 /* Build configuration list for PBXNativeTarget "MapNotes" */;
			buildPhases = (
				777CEBA2159D44EC0049F109 /* Sources */,
				777CEBA3159D44EC0049F109 /* Frameworks */,
				777CEBA4159D44EC0049F109 /* Resources */,
			);
			buildRules = (
			);
			dependencies = (
			);
			name = MapNotes;
			productName = MapNotes;
			productReference = 777CEBA6159D44EC0049F109 /* MapNotes.app */;
			productType = "com.apple.product-type.application";
		};
/* End PBXNativeTarget section */

/* Begin PBXProject section */
		777CEB9D159D44EC0049F109 /* Project object */ = {
			isa = PBXProject;
			attributes = {
				LastUpgradeCheck = 0460;
			};
			buildConfigurationList = 777CEBA0159D44EC0049F109 /* Build configuration list for PBXProject "MapNotes" */;
			compatibilityVersion = "Xcode 3.2";
			developmentRegion = English;
			hasScannedForEncodings = 0;
			knownRegions = (
				en,
			);
			mainGroup = 777CEB9B159D44EC0049F109;
			productRefGroup = 777CEBA7159D44EC0049F109 /* Products */;
			projectDirPath = "";
			projectRoot = "";
			targets = (
				777CEBA5159D44EC0049F109 /* MapNotes */,
			);
		};
/* End PBXProject section */

/* Begin PBXResourcesBuildPhase section */
		777CEBA4159D44EC0049F109 /* Resources */ = {
			isa = PBXResourcesBuildPhase;
			buildActionMask = 2147483647;
			files = (
				777CEBB5159D44EC0049F109 /* InfoPlist.strings in Resources */,
				777CEBC4159D44EC0049F109 /* MainViewController.xib in Resources */,
				777CEBC7159D44EC0049F109 /* FlipsideViewController.xib in Resources */,
				7799FC3A17403FF900B1FAD9 /* NoteDetailViewController.xib in Resources */,
				77EA7114175167E700FE8A80 /* test-button.png in Resources */,
			);
			runOnlyForDeploymentPostprocessing = 0;
		};
/* End PBXResourcesBuildPhase section */

/* Begin PBXSourcesBuildPhase section */
		777CEBA2159D44EC0049F109 /* Sources */ = {
			isa = PBXSourcesBuildPhase;
			buildActionMask = 2147483647;
			files = (
				777CEBB7159D44EC0049F109 /* main.m in Sources */,
				777CEBBB159D44EC0049F109 /* AppDelegate.m in Sources */,
				777CEBBE159D44EC0049F109 /* MainViewController.m in Sources */,
				777CEBC1159D44EC0049F109 /* FlipsideViewController.m in Sources */,
				77A402EE173EF1E600296A05 /* MapNoteAnnotation.m in Sources */,
				7799FC40174042EF00B1FAD9 /* NoteDetailViewController.m in Sources */,
			);
			runOnlyForDeploymentPostprocessing = 0;
		};
/* End PBXSourcesBuildPhase section */

/* Begin PBXVariantGroup section */
		777CEBB3159D44EC0049F109 /* InfoPlist.strings */ = {
			isa = PBXVariantGroup;
			children = (
				777CEBB4159D44EC0049F109 /* en */,
			);
			name = InfoPlist.strings;
			sourceTree = "<group>";
		};
		777CEBC2159D44EC0049F109 /* MainViewController.xib */ = {
			isa = PBXVariantGroup;
			children = (
				777CEBC3159D44EC0049F109 /* en */,
			);
			name = MainViewController.xib;
			sourceTree = "<group>";
		};
		777CEBC5159D44EC0049F109 /* FlipsideViewController.xib */ = {
			isa = PBXVariantGroup;
			children = (
				777CEBC6159D44EC0049F109 /* en */,
			);
			name = FlipsideViewController.xib;
			sourceTree = "<group>";
		};
/* End PBXVariantGroup section */

/* Begin XCBuildConfiguration section */
		777CEBC8159D44EC0049F109 /* Debug */ = {
			isa = XCBuildConfiguration;
			buildSettings = {
				ALWAYS_SEARCH_USER_PATHS = NO;
				ARCHS = "$(ARCHS_STANDARD_32_BIT)";
				CLANG_ENABLE_OBJC_ARC = YES;
				CLANG_WARN_CONSTANT_CONVERSION = YES;
				CLANG_WARN_ENUM_CONVERSION = YES;
				CLANG_WARN_INT_CONVERSION = YES;
				CLANG_WARN__DUPLICATE_METHOD_MATCH = YES;
				"CODE_SIGN_IDENTITY[sdk=iphoneos*]" = "iPhone Developer";
				COPY_PHASE_STRIP = NO;
				GCC_C_LANGUAGE_STANDARD = gnu99;
				GCC_DYNAMIC_NO_PIC = NO;
				GCC_OPTIMIZATION_LEVEL = 0;
				GCC_PREPROCESSOR_DEFINITIONS = (
					"DEBUG=1",
					"$(inherited)",
				);
				GCC_SYMBOLS_PRIVATE_EXTERN = NO;
				GCC_VERSION = com.apple.compilers.llvm.clang.1_0;
				GCC_WARN_ABOUT_MISSING_PROTOTYPES = YES;
				GCC_WARN_ABOUT_RETURN_TYPE = YES;
				GCC_WARN_UNINITIALIZED_AUTOS = YES;
				GCC_WARN_UNUSED_VARIABLE = YES;
				IPHONEOS_DEPLOYMENT_TARGET = 6.1;
				SDKROOT = iphoneos;
			};
			name = Debug;
		};
		777CEBC9159D44EC0049F109 /* Release */ = {
			isa = XCBuildConfiguration;
			buildSettings = {
				ALWAYS_SEARCH_USER_PATHS = NO;
				ARCHS = "$(ARCHS_STANDARD_32_BIT)";
				CLANG_ENABLE_OBJC_ARC = YES;
				CLANG_WARN_CONSTANT_CONVERSION = YES;
				CLANG_WARN_ENUM_CONVERSION = YES;
				CLANG_WARN_INT_CONVERSION = YES;
				CLANG_WARN__DUPLICATE_METHOD_MATCH = YES;
				"CODE_SIGN_IDENTITY[sdk=iphoneos*]" = "iPhone Developer";
				COPY_PHASE_STRIP = YES;
				GCC_C_LANGUAGE_STANDARD = gnu99;
				GCC_VERSION = com.apple.compilers.llvm.clang.1_0;
				GCC_WARN_ABOUT_MISSING_PROTOTYPES = YES;
				GCC_WARN_ABOUT_RETURN_TYPE = YES;
				GCC_WARN_UNINITIALIZED_AUTOS = YES;
				GCC_WARN_UNUSED_VARIABLE = YES;
				IPHONEOS_DEPLOYMENT_TARGET = 6.1;
				OTHER_CFLAGS = "-DNS_BLOCK_ASSERTIONS=1";
				SDKROOT = iphoneos;
				VALIDATE_PRODUCT = YES;
			};
			name = Release;
		};
		777CEBCB159D44EC0049F109 /* Debug */ = {
			isa = XCBuildConfiguration;
			buildSettings = {
				GCC_PRECOMPILE_PREFIX_HEADER = YES;
				GCC_PREFIX_HEADER = "MapNotes/MapNotes-Prefix.pch";
				INFOPLIST_FILE = "MapNotes/MapNotes-Info.plist";
				PRODUCT_NAME = "$(TARGET_NAME)";
				WRAPPER_EXTENSION = app;
			};
			name = Debug;
		};
		777CEBCC159D44EC0049F109 /* Release */ = {
			isa = XCBuildConfiguration;
			buildSettings = {
				GCC_PRECOMPILE_PREFIX_HEADER = YES;
				GCC_PREFIX_HEADER = "MapNotes/MapNotes-Prefix.pch";
				INFOPLIST_FILE = "MapNotes/MapNotes-Info.plist";
				PRODUCT_NAME = "$(TARGET_NAME)";
				WRAPPER_EXTENSION = app;
			};
			name = Release;
		};
/* End XCBuildConfiguration section */

/* Begin XCConfigurationList section */
		777CEBA0159D44EC0049F109 /* Build configuration list for PBXProject "MapNotes" */ = {
			isa = XCConfigurationList;
			buildConfigurations = (
				777CEBC8159D44EC0049F109 /* Debug */,
				777CEBC9159D44EC0049F109 /* Release */,
			);
			defaultConfigurationIsVisible = 0;
			defaultConfigurationName = Release;
		};
		777CEBCA159D44EC0049F109 /* Build configuration list for PBXNativeTarget "MapNotes" */ = {
			isa = XCConfigurationList;
			buildConfigurations = (
				777CEBCB159D44EC0049F109 /* Debug */,
				777CEBCC159D44EC0049F109 /* Release */,
			);
			defaultConfigurationIsVisible = 0;
			defaultConfigurationName = Release;
		};
/* End XCConfigurationList section */
	};
	rootObject = 777CEB9D159D44EC0049F109 /* Project object */;
}
